
Microsoft Visual Studio Solution File, Format Version 12.00
# Visual Studio 15
VisualStudioVersion = 15.0.27130.2027
MinimumVisualStudioVersion = 10.0.40219.1
Project("{FAE04EC0-301F-11D3-BF4B-00C04F79EFBC}") = "ManMon", "ManMon\ManMon.csproj", "{13331BC4-96BD-4F49-B72B-87DE04139DDC}"
EndProject
Global
	GlobalSection(SolutionConfigurationPlatforms) = preSolution
		Debug|Any CPU = Debug|Any CPU
		Release|Any CPU = Release|Any CPU
	EndGlobalSection
	GlobalSection(ProjectConfigurationPlatforms) = postSolution
		{13331BC4-96BD-4F49-B72B-87DE04139DDC}.Debug|Any CPU.ActiveCfg = Debug|Any CPU
		{13331BC4-96BD-4F49-B72B-87DE04139DDC}.Debug|Any CPU.Build.0 = Debug|Any CPU
		{13331BC4-96BD-4F49-B72B-87DE04139DDC}.Release|Any CPU.ActiveCfg = Release|Any CPU
		{13331BC4-96BD-4F49-B72B-87DE04139DDC}.Release|Any CPU.Build.0 = Release|Any CPU
	EndGlobalSection
	GlobalSection(SolutionProperties) = preSolution
		HideSolutionNode = FALSE
	EndGlobalSection
	GlobalSection(ExtensibilityGlobals) = postSolution
		SolutionGuid = {8DF36C2C-A45B-446C-9FB8-A7B354B4A864}
	EndGlobalSection
EndGlobal
